<?xml version="1.0" encoding="utf-8"?>
<Project ToolsVersion="4.0" xmlns="http://schemas.microsoft.com/developer/msbuild/2003">
  <ItemGroup>
    <Filter Include="Common">
      <UniqueIdentifier>a6a03b70-801a-40e5-a5ef-787480eb2b54</UniqueIdentifier>
    </Filter>
    <Filter Include="Assets">
      <UniqueIdentifier>2ce5d7f2-65df-490d-af9c-ce42e3a93c4a</UniqueIdentifier>
      <Extensions>bmp;fbx;gif;jpg;jpeg;tga;tiff;tif;png</Extensions>
    </Filter>
    <Filter Include="Content">
      <UniqueIdentifier>a21d3d14-392b-4251-b3bc-fb61d11e6587</UniqueIdentifier>
    </Filter>
    <Filter Include="Content\Shaders">
      <UniqueIdentifier>f21ebb78-426a-4133-bc47-2a82dea29ab8</UniqueIdentifier>
    </Filter>
    <Image Include="Assets\LockScreenLogo.scale-200.png">
      <Filter>Assets</Filter>
    </Image>
    <Image Include="Assets\SplashScreen.scale-200.png">
      <Filter>Assets</Filter>
    </Image>
    <Image Include="Assets\Square150x150Logo.scale-200.png">
      <Filter>Assets</Filter>
    </Image>
    <Image Include="Assets\Square44x44Logo.scale-200.png">
      <Filter>Assets</Filter>
    </Image>
    <Image Include="Assets\Square44x44Logo.targetsize-24_altform-unplated.png">
      <Filter>Assets</Filter>
    </Image>
    <Image Include="Assets\StoreLogo.png">
      <Filter>Assets</Filter>
    </Image>
    <Image Include="Assets\Wide310x150Logo.scale-200.png">
      <Filter>Assets</Filter>
    </Image>
  </ItemGroup>
  <ItemGroup>
    <ClCompile Include="pch.cpp" />
    <ClCompile Include="HoloTekMain.cpp" />
    <ClCompile Include="AppView.cpp" />
    <ClCompile Include="Content\SpinningCubeRenderer.cpp">
      <Filter>Content</Filter>
    </ClCompile>
    <ClCompile Include="Content\FaceTrackerProcessor.cpp">
      <Filter>Content</Filter>
    </ClCompile>
    <ClCompile Include="Content\NV12VideoTexture.cpp">
      <Filter>Content</Filter>
    </ClCompile>
    <ClCompile Include="Content\QuadRenderer.cpp">
      <Filter>Content</Filter>
    </ClCompile>
    <ClCompile Include="Content\VideoFrameProcessor.cpp">
      <Filter>Content</Filter>
    </ClCompile>
    <ClCompile Include="3D\Objects\GUI\Text\TextObject.cpp" />
    <ClCompile Include="3D\Input\SpatialInputHandler.cpp">
      <Filter>Content</Filter>
    </ClCompile>
    <ClCompile Include="3D\Utility\CFW1StateSaver.cpp" />
    <ClCompile Include="3D\Resources\CameraResources.cpp" />
    <ClCompile Include="3D\Resources\DeviceResources.cpp" />
    <ClCompile Include="3D\Objects\GUI\Text\TextRenderer.cpp" />
    <ClCompile Include="3D\Utility\DirectXHelper.cpp" />
    <ClCompile Include="3D\Objects\Mesh\2DFormes\ColoredCircle.cpp" />
    <ClCompile Include="3D\Objects\Mesh\2DFormes\ColoredRectangle.cpp" />
    <ClCompile Include="3D\Objects\Mesh\Common\ColoredObject.cpp" />
    <ClCompile Include="3D\Objects\GUI\ButtonObject.cpp" />
    <ClCompile Include="3D\Entities\CursorEntity.cpp" />
    <ClCompile Include="3D\Entities\GUI\Widgets\Button2D.cpp" />
    <ClCompile Include="3D\Entities\GUI\Widgets\Button3D.cpp" />
    <ClCompile Include="3D\Entities\GUI\Widgets\Panel.cpp" />
    <ClCompile Include="3D\Entities\GUI\Menus\MainMenu.cpp" />
    <ClCompile Include="3D\Entities\Common\Entity.cpp" />
    <ClCompile Include="3D\Entities\Common\InteractableEntity.cpp" />
    <ClCompile Include="3D\Scene\HolographicScene.cpp" />
    <ClCompile Include="3D\Objects\Mesh\3DFormes\ColoredCube.cpp" />
    <ClCompile Include="API\IntraAPI.cpp" />
    <ClCompile Include="3D\Entities\GUI\Menus\ActivityMenu.cpp" />
  </ItemGroup>
  <ItemGroup>
    <ClInclude Include="pch.h" />
    <ClInclude Include="HoloTekMain.h" />
    <ClInclude Include="AppView.h" />
    <ClInclude Include="Content\SpinningCubeRenderer.h">
      <Filter>Content</Filter>
    </ClInclude>
    <ClInclude Include="Content\FaceTrackerProcessor.h">
      <Filter>Content</Filter>
    </ClInclude>
    <ClInclude Include="Content\NV12VideoTexture.h">
      <Filter>Content</Filter>
    </ClInclude>
    <ClInclude Include="Content\QuadRenderer.h">
      <Filter>Content</Filter>
    </ClInclude>
    <ClInclude Include="Content\VideoFrameProcessor.h">
      <Filter>Content</Filter>
    </ClInclude>
    <ClInclude Include="3D\Objects\GUI\Text\TextObject.h" />
    <ClInclude Include="3D\Input\SpatialInputHandler.h">
      <Filter>Content</Filter>
    </ClInclude>
    <ClInclude Include="3D\Shaders\ShaderStructures.h">
      <Filter>Content</Filter>
    </ClInclude>
    <ClInclude Include="3D\Utility\StepTimer.h" />
    <ClInclude Include="3D\Utility\DirectXHelper.h" />
    <ClInclude Include="3D\Utility\CFW1StateSaver.h" />
    <ClInclude Include="3D\Utility\Collision.h" />
    <ClInclude Include="3D\Resources\CameraResources.h" />
    <ClInclude Include="3D\Resources\DeviceResources.h" />
    <ClInclude Include="3D\Objects\GUI\Text\TextRenderer.h" />
    <ClInclude Include="3D\Objects\GUI\Text\ATextObject.h" />
    <ClInclude Include="3D\Objects\Common\AObject.h" />
    <ClInclude Include="3D\Objects\Mesh\2DFormes\ColoredCircle.h" />
    <ClInclude Include="3D\Objects\Mesh\2DFormes\ColoredRectangle.h" />
    <ClInclude Include="3D\Objects\Mesh\Common\ColoredObject.h" />
    <ClInclude Include="3D\Objects\Mesh\Interfaces\AColoredObject.h" />
    <ClInclude Include="3D\Objects\GUI\ButtonObject.h" />
    <ClInclude Include="3D\Entities\CursorEntity.h" />
    <ClInclude Include="3D\Entities\GUI\GUIEntity.h" />
    <ClInclude Include="3D\Entities\GUI\Widgets\Button2D.h" />
    <ClInclude Include="3D\Entities\GUI\Widgets\Button3D.h" />
    <ClInclude Include="3D\Entities\GUI\Widgets\Panel.h" />
    <ClInclude Include="3D\Entities\GUI\Menus\MainMenu.h" />
    <ClInclude Include="3D\Entities\Common\EmptyEntity.h" />
    <ClInclude Include="3D\Entities\Common\Entity.h" />
    <ClInclude Include="3D\Entities\Common\IEntity.h" />
    <ClInclude Include="3D\Entities\Common\InteractableEntity.h" />
    <ClInclude Include="3D\Scene\HolographicScene.h" />
    <ClInclude Include="3D\Input\InteractionListener.h" />
    <ClInclude Include="3D\Objects\Mesh\3DFormes\ColoredCube.h" />
    <ClInclude Include="API\IntraAPI.h" />
    <ClInclude Include="3D\Entities\GUI\Menus\ActivityMenu.h" />
  </ItemGroup>
  <ItemGroup>
    <None Include="packages.config" />
  </ItemGroup>
  <ItemGroup>
    <AppxManifest Include="Package.appxmanifest" />
  </ItemGroup>
  <ItemGroup>
    <None Include="HoloTek_TemporaryKey.pfx" />
  </ItemGroup>
  <ItemGroup>
    <FxCompile Include="3D\Shaders\Geometry\CubeGeometryShader.hlsl">
      <Filter>Content\Shaders</Filter>
    </FxCompile>
    <FxCompile Include="3D\Shaders\Pixel\CubePixelShader.hlsl">
      <Filter>Content\Shaders</Filter>
    </FxCompile>
    <FxCompile Include="3D\Shaders\Vertex\CubeVertexShader.hlsl">
      <Filter>Content\Shaders</Filter>
    </FxCompile>
    <FxCompile Include="3D\Shaders\Vertex\CubeVPRTVertexShader.hlsl">
      <Filter>Content\Shaders</Filter>
    </FxCompile>
    <FxCompile Include="3D\Shaders\Geometry\QuadGeometryShader.hlsl">
      <Filter>Content\Shaders</Filter>
    </FxCompile>
    <FxCompile Include="3D\Shaders\Pixel\QuadPixelShaderNV12.hlsl">
      <Filter>Content\Shaders</Filter>
    </FxCompile>
    <FxCompile Include="3D\Shaders\Pixel\QuadPixelShaderRGB.hlsl">
      <Filter>Content\Shaders</Filter>
    </FxCompile>
    <FxCompile Include="3D\Shaders\Vertex\QuadVertexShader.hlsl">
      <Filter>Content\Shaders</Filter>
    </FxCompile>
    <FxCompile Include="3D\Shaders\Vertex\QuadVPRTVertexShader.hlsl">
      <Filter>Content\Shaders</Filter>
    </FxCompile>
    <FxCompile Include="3D\Shaders\Vertex\VertexShaderColor.hlsl" />
    <FxCompile Include="3D\Shaders\Vertex\VPRTVertexShader.hlsl" />
    <FxCompile Include="3D\Shaders\Pixel\PixelShader.hlsl" />
    <FxCompile Include="3D\Shaders\Geometry\GeometryShader.hlsl" />
    <FxCompile Include="3D\Shaders\Geometry\GeometryShaderTexture.hlsl" />
    <FxCompile Include="3D\Shaders\Pixel\PixelShaderTexture.hlsl" />
    <FxCompile Include="3D\Shaders\Vertex\VertexShaderTexture.hlsl" />
    <FxCompile Include="3D\Shaders\Vertex\VPRTVertexShaderTexture.hlsl" />
  </ItemGroup>
</Project>