
Microsoft Visual Studio Solution File, Format Version 12.00
# Visual Studio 15
VisualStudioVersion = 15.0.28307.168
MinimumVisualStudioVersion = 10.0.40219.1
Project("{8BC9CEB8-8B4A-11D0-8D11-00A0C91BC942}") = "HoloTek", "HoloTek\HoloTek.vcxproj", "{A6A03B70-801A-40E5-A5EF-787480EB2B54}"
EndProject
Project("{8BC9CEB8-8B4A-11D0-8D11-00A0C91BC942}") = "DesktopTek", "DesktopTek\DesktopTek.vcxproj", "{D2FE932A-CB7D-4004-808D-5CD3325032D4}"
EndProject
Project("{8BC9CEB8-8B4A-11D0-8D11-00A0C91BC942}") = "DesktopIntra", "DesktopIntra\DesktopIntra.vcxproj", "{3821D28D-06CA-45FD-BCE9-323856D5AD18}"
EndProject
Global
	GlobalSection(SolutionConfigurationPlatforms) = preSolution
		Debug|ARM = Debug|ARM
		Debug|ARM64 = Debug|ARM64
		Debug|x64 = Debug|x64
		Debug|x86 = Debug|x86
		MinSizeRel|ARM = MinSizeRel|ARM
		MinSizeRel|ARM64 = MinSizeRel|ARM64
		MinSizeRel|x64 = MinSizeRel|x64
		MinSizeRel|x86 = MinSizeRel|x86
		Release|ARM = Release|ARM
		Release|ARM64 = Release|ARM64
		Release|x64 = Release|x64
		Release|x86 = Release|x86
		RelWithDebInfo|ARM = RelWithDebInfo|ARM
		RelWithDebInfo|ARM64 = RelWithDebInfo|ARM64
		RelWithDebInfo|x64 = RelWithDebInfo|x64
		RelWithDebInfo|x86 = RelWithDebInfo|x86
	EndGlobalSection
	GlobalSection(ProjectConfigurationPlatforms) = postSolution
		{A6A03B70-801A-40E5-A5EF-787480EB2B54}.Debug|ARM.ActiveCfg = Debug|Win32
		{A6A03B70-801A-40E5-A5EF-787480EB2B54}.Debug|ARM64.ActiveCfg = Debug|Win32
		{A6A03B70-801A-40E5-A5EF-787480EB2B54}.Debug|x64.ActiveCfg = Debug|x64
		{A6A03B70-801A-40E5-A5EF-787480EB2B54}.Debug|x64.Build.0 = Debug|x64
		{A6A03B70-801A-40E5-A5EF-787480EB2B54}.Debug|x64.Deploy.0 = Debug|x64
		{A6A03B70-801A-40E5-A5EF-787480EB2B54}.Debug|x86.ActiveCfg = Debug|Win32
		{A6A03B70-801A-40E5-A5EF-787480EB2B54}.Debug|x86.Build.0 = Debug|Win32
		{A6A03B70-801A-40E5-A5EF-787480EB2B54}.Debug|x86.Deploy.0 = Debug|Win32
		{A6A03B70-801A-40E5-A5EF-787480EB2B54}.MinSizeRel|ARM.ActiveCfg = Release|Win32
		{A6A03B70-801A-40E5-A5EF-787480EB2B54}.MinSizeRel|ARM.Build.0 = Release|Win32
		{A6A03B70-801A-40E5-A5EF-787480EB2B54}.MinSizeRel|ARM.Deploy.0 = Release|Win32
		{A6A03B70-801A-40E5-A5EF-787480EB2B54}.MinSizeRel|ARM64.ActiveCfg = Release|Win32
		{A6A03B70-801A-40E5-A5EF-787480EB2B54}.MinSizeRel|ARM64.Build.0 = Release|Win32
		{A6A03B70-801A-40E5-A5EF-787480EB2B54}.MinSizeRel|ARM64.Deploy.0 = Release|Win32
		{A6A03B70-801A-40E5-A5EF-787480EB2B54}.MinSizeRel|x64.ActiveCfg = Release|x64
		{A6A03B70-801A-40E5-A5EF-787480EB2B54}.MinSizeRel|x64.Build.0 = Release|x64
		{A6A03B70-801A-40E5-A5EF-787480EB2B54}.MinSizeRel|x64.Deploy.0 = Release|x64
		{A6A03B70-801A-40E5-A5EF-787480EB2B54}.MinSizeRel|x86.ActiveCfg = Release|Win32
		{A6A03B70-801A-40E5-A5EF-787480EB2B54}.MinSizeRel|x86.Build.0 = Release|Win32
		{A6A03B70-801A-40E5-A5EF-787480EB2B54}.MinSizeRel|x86.Deploy.0 = Release|Win32
		{A6A03B70-801A-40E5-A5EF-787480EB2B54}.Release|ARM.ActiveCfg = Release|Win32
		{A6A03B70-801A-40E5-A5EF-787480EB2B54}.Release|ARM64.ActiveCfg = Release|Win32
		{A6A03B70-801A-40E5-A5EF-787480EB2B54}.Release|x64.ActiveCfg = Release|x64
		{A6A03B70-801A-40E5-A5EF-787480EB2B54}.Release|x64.Build.0 = Release|x64
		{A6A03B70-801A-40E5-A5EF-787480EB2B54}.Release|x64.Deploy.0 = Release|x64
		{A6A03B70-801A-40E5-A5EF-787480EB2B54}.Release|x86.ActiveCfg = Release|Win32
		{A6A03B70-801A-40E5-A5EF-787480EB2B54}.Release|x86.Build.0 = Release|Win32
		{A6A03B70-801A-40E5-A5EF-787480EB2B54}.Release|x86.Deploy.0 = Release|Win32
		{A6A03B70-801A-40E5-A5EF-787480EB2B54}.RelWithDebInfo|ARM.ActiveCfg = Release|Win32
		{A6A03B70-801A-40E5-A5EF-787480EB2B54}.RelWithDebInfo|ARM.Build.0 = Release|Win32
		{A6A03B70-801A-40E5-A5EF-787480EB2B54}.RelWithDebInfo|ARM.Deploy.0 = Release|Win32
		{A6A03B70-801A-40E5-A5EF-787480EB2B54}.RelWithDebInfo|ARM64.ActiveCfg = Release|Win32
		{A6A03B70-801A-40E5-A5EF-787480EB2B54}.RelWithDebInfo|ARM64.Build.0 = Release|Win32
		{A6A03B70-801A-40E5-A5EF-787480EB2B54}.RelWithDebInfo|ARM64.Deploy.0 = Release|Win32
		{A6A03B70-801A-40E5-A5EF-787480EB2B54}.RelWithDebInfo|x64.ActiveCfg = Release|x64
		{A6A03B70-801A-40E5-A5EF-787480EB2B54}.RelWithDebInfo|x64.Build.0 = Release|x64
		{A6A03B70-801A-40E5-A5EF-787480EB2B54}.RelWithDebInfo|x64.Deploy.0 = Release|x64
		{A6A03B70-801A-40E5-A5EF-787480EB2B54}.RelWithDebInfo|x86.ActiveCfg = Release|Win32
		{A6A03B70-801A-40E5-A5EF-787480EB2B54}.RelWithDebInfo|x86.Build.0 = Release|Win32
		{A6A03B70-801A-40E5-A5EF-787480EB2B54}.RelWithDebInfo|x86.Deploy.0 = Release|Win32
		{D2FE932A-CB7D-4004-808D-5CD3325032D4}.Debug|ARM.ActiveCfg = Debug|ARM
		{D2FE932A-CB7D-4004-808D-5CD3325032D4}.Debug|ARM.Build.0 = Debug|ARM
		{D2FE932A-CB7D-4004-808D-5CD3325032D4}.Debug|ARM.Deploy.0 = Debug|ARM
		{D2FE932A-CB7D-4004-808D-5CD3325032D4}.Debug|ARM64.ActiveCfg = Debug|Win32
		{D2FE932A-CB7D-4004-808D-5CD3325032D4}.Debug|x64.ActiveCfg = Debug|x64
		{D2FE932A-CB7D-4004-808D-5CD3325032D4}.Debug|x64.Build.0 = Debug|x64
		{D2FE932A-CB7D-4004-808D-5CD3325032D4}.Debug|x64.Deploy.0 = Debug|x64
		{D2FE932A-CB7D-4004-808D-5CD3325032D4}.Debug|x86.ActiveCfg = Debug|Win32
		{D2FE932A-CB7D-4004-808D-5CD3325032D4}.Debug|x86.Build.0 = Debug|Win32
		{D2FE932A-CB7D-4004-808D-5CD3325032D4}.Debug|x86.Deploy.0 = Debug|Win32
		{D2FE932A-CB7D-4004-808D-5CD3325032D4}.MinSizeRel|ARM.ActiveCfg = Release|ARM
		{D2FE932A-CB7D-4004-808D-5CD3325032D4}.MinSizeRel|ARM.Build.0 = Release|ARM
		{D2FE932A-CB7D-4004-808D-5CD3325032D4}.MinSizeRel|ARM.Deploy.0 = Release|ARM
		{D2FE932A-CB7D-4004-808D-5CD3325032D4}.MinSizeRel|ARM64.ActiveCfg = Release|x64
		{D2FE932A-CB7D-4004-808D-5CD3325032D4}.MinSizeRel|ARM64.Build.0 = Release|x64
		{D2FE932A-CB7D-4004-808D-5CD3325032D4}.MinSizeRel|ARM64.Deploy.0 = Release|x64
		{D2FE932A-CB7D-4004-808D-5CD3325032D4}.MinSizeRel|x64.ActiveCfg = Release|x64
		{D2FE932A-CB7D-4004-808D-5CD3325032D4}.MinSizeRel|x64.Build.0 = Release|x64
		{D2FE932A-CB7D-4004-808D-5CD3325032D4}.MinSizeRel|x64.Deploy.0 = Release|x64
		{D2FE932A-CB7D-4004-808D-5CD3325032D4}.MinSizeRel|x86.ActiveCfg = Release|Win32
		{D2FE932A-CB7D-4004-808D-5CD3325032D4}.MinSizeRel|x86.Build.0 = Release|Win32
		{D2FE932A-CB7D-4004-808D-5CD3325032D4}.MinSizeRel|x86.Deploy.0 = Release|Win32
		{D2FE932A-CB7D-4004-808D-5CD3325032D4}.Release|ARM.ActiveCfg = Release|ARM
		{D2FE932A-CB7D-4004-808D-5CD3325032D4}.Release|ARM.Build.0 = Release|ARM
		{D2FE932A-CB7D-4004-808D-5CD3325032D4}.Release|ARM.Deploy.0 = Release|ARM
		{D2FE932A-CB7D-4004-808D-5CD3325032D4}.Release|ARM64.ActiveCfg = Release|Win32
		{D2FE932A-CB7D-4004-808D-5CD3325032D4}.Release|x64.ActiveCfg = Release|x64
		{D2FE932A-CB7D-4004-808D-5CD3325032D4}.Release|x64.Build.0 = Release|x64
		{D2FE932A-CB7D-4004-808D-5CD3325032D4}.Release|x64.Deploy.0 = Release|x64
		{D2FE932A-CB7D-4004-808D-5CD3325032D4}.Release|x86.ActiveCfg = Release|Win32
		{D2FE932A-CB7D-4004-808D-5CD3325032D4}.Release|x86.Build.0 = Release|Win32
		{D2FE932A-CB7D-4004-808D-5CD3325032D4}.Release|x86.Deploy.0 = Release|Win32
		{D2FE932A-CB7D-4004-808D-5CD3325032D4}.RelWithDebInfo|ARM.ActiveCfg = Release|ARM
		{D2FE932A-CB7D-4004-808D-5CD3325032D4}.RelWithDebInfo|ARM.Build.0 = Release|ARM
		{D2FE932A-CB7D-4004-808D-5CD3325032D4}.RelWithDebInfo|ARM.Deploy.0 = Release|ARM
		{D2FE932A-CB7D-4004-808D-5CD3325032D4}.RelWithDebInfo|ARM64.ActiveCfg = Release|x64
		{D2FE932A-CB7D-4004-808D-5CD3325032D4}.RelWithDebInfo|ARM64.Build.0 = Release|x64
		{D2FE932A-CB7D-4004-808D-5CD3325032D4}.RelWithDebInfo|ARM64.Deploy.0 = Release|x64
		{D2FE932A-CB7D-4004-808D-5CD3325032D4}.RelWithDebInfo|x64.ActiveCfg = Release|x64
		{D2FE932A-CB7D-4004-808D-5CD3325032D4}.RelWithDebInfo|x64.Build.0 = Release|x64
		{D2FE932A-CB7D-4004-808D-5CD3325032D4}.RelWithDebInfo|x64.Deploy.0 = Release|x64
		{D2FE932A-CB7D-4004-808D-5CD3325032D4}.RelWithDebInfo|x86.ActiveCfg = Release|Win32
		{D2FE932A-CB7D-4004-808D-5CD3325032D4}.RelWithDebInfo|x86.Build.0 = Release|Win32
		{D2FE932A-CB7D-4004-808D-5CD3325032D4}.RelWithDebInfo|x86.Deploy.0 = Release|Win32
		{3821D28D-06CA-45FD-BCE9-323856D5AD18}.Debug|ARM.ActiveCfg = Debug|ARM
		{3821D28D-06CA-45FD-BCE9-323856D5AD18}.Debug|ARM.Build.0 = Debug|ARM
		{3821D28D-06CA-45FD-BCE9-323856D5AD18}.Debug|ARM.Deploy.0 = Debug|ARM
		{3821D28D-06CA-45FD-BCE9-323856D5AD18}.Debug|ARM64.ActiveCfg = Debug|Win32
		{3821D28D-06CA-45FD-BCE9-323856D5AD18}.Debug|x64.ActiveCfg = Debug|x64
		{3821D28D-06CA-45FD-BCE9-323856D5AD18}.Debug|x64.Build.0 = Debug|x64
		{3821D28D-06CA-45FD-BCE9-323856D5AD18}.Debug|x64.Deploy.0 = Debug|x64
		{3821D28D-06CA-45FD-BCE9-323856D5AD18}.Debug|x86.ActiveCfg = Debug|Win32
		{3821D28D-06CA-45FD-BCE9-323856D5AD18}.Debug|x86.Build.0 = Debug|Win32
		{3821D28D-06CA-45FD-BCE9-323856D5AD18}.Debug|x86.Deploy.0 = Debug|Win32
		{3821D28D-06CA-45FD-BCE9-323856D5AD18}.MinSizeRel|ARM.ActiveCfg = Release|ARM
		{3821D28D-06CA-45FD-BCE9-323856D5AD18}.MinSizeRel|ARM.Build.0 = Release|ARM
		{3821D28D-06CA-45FD-BCE9-323856D5AD18}.MinSizeRel|ARM.Deploy.0 = Release|ARM
		{3821D28D-06CA-45FD-BCE9-323856D5AD18}.MinSizeRel|ARM64.ActiveCfg = Release|x64
		{3821D28D-06CA-45FD-BCE9-323856D5AD18}.MinSizeRel|ARM64.Build.0 = Release|x64
		{3821D28D-06CA-45FD-BCE9-323856D5AD18}.MinSizeRel|ARM64.Deploy.0 = Release|x64
		{3821D28D-06CA-45FD-BCE9-323856D5AD18}.MinSizeRel|x64.ActiveCfg = Release|x64
		{3821D28D-06CA-45FD-BCE9-323856D5AD18}.MinSizeRel|x64.Build.0 = Release|x64
		{3821D28D-06CA-45FD-BCE9-323856D5AD18}.MinSizeRel|x64.Deploy.0 = Release|x64
		{3821D28D-06CA-45FD-BCE9-323856D5AD18}.MinSizeRel|x86.ActiveCfg = Release|Win32
		{3821D28D-06CA-45FD-BCE9-323856D5AD18}.MinSizeRel|x86.Build.0 = Release|Win32
		{3821D28D-06CA-45FD-BCE9-323856D5AD18}.MinSizeRel|x86.Deploy.0 = Release|Win32
		{3821D28D-06CA-45FD-BCE9-323856D5AD18}.Release|ARM.ActiveCfg = Release|ARM
		{3821D28D-06CA-45FD-BCE9-323856D5AD18}.Release|ARM.Build.0 = Release|ARM
		{3821D28D-06CA-45FD-BCE9-323856D5AD18}.Release|ARM.Deploy.0 = Release|ARM
		{3821D28D-06CA-45FD-BCE9-323856D5AD18}.Release|ARM64.ActiveCfg = Release|Win32
		{3821D28D-06CA-45FD-BCE9-323856D5AD18}.Release|x64.ActiveCfg = Release|x64
		{3821D28D-06CA-45FD-BCE9-323856D5AD18}.Release|x64.Build.0 = Release|x64
		{3821D28D-06CA-45FD-BCE9-323856D5AD18}.Release|x64.Deploy.0 = Release|x64
		{3821D28D-06CA-45FD-BCE9-323856D5AD18}.Release|x86.ActiveCfg = Release|Win32
		{3821D28D-06CA-45FD-BCE9-323856D5AD18}.Release|x86.Build.0 = Release|Win32
		{3821D28D-06CA-45FD-BCE9-323856D5AD18}.Release|x86.Deploy.0 = Release|Win32
		{3821D28D-06CA-45FD-BCE9-323856D5AD18}.RelWithDebInfo|ARM.ActiveCfg = Release|ARM
		{3821D28D-06CA-45FD-BCE9-323856D5AD18}.RelWithDebInfo|ARM.Build.0 = Release|ARM
		{3821D28D-06CA-45FD-BCE9-323856D5AD18}.RelWithDebInfo|ARM.Deploy.0 = Release|ARM
		{3821D28D-06CA-45FD-BCE9-323856D5AD18}.RelWithDebInfo|ARM64.ActiveCfg = Release|x64
		{3821D28D-06CA-45FD-BCE9-323856D5AD18}.RelWithDebInfo|ARM64.Build.0 = Release|x64
		{3821D28D-06CA-45FD-BCE9-323856D5AD18}.RelWithDebInfo|ARM64.Deploy.0 = Release|x64
		{3821D28D-06CA-45FD-BCE9-323856D5AD18}.RelWithDebInfo|x64.ActiveCfg = Release|x64
		{3821D28D-06CA-45FD-BCE9-323856D5AD18}.RelWithDebInfo|x64.Build.0 = Release|x64
		{3821D28D-06CA-45FD-BCE9-323856D5AD18}.RelWithDebInfo|x64.Deploy.0 = Release|x64
		{3821D28D-06CA-45FD-BCE9-323856D5AD18}.RelWithDebInfo|x86.ActiveCfg = Release|Win32
		{3821D28D-06CA-45FD-BCE9-323856D5AD18}.RelWithDebInfo|x86.Build.0 = Release|Win32
		{3821D28D-06CA-45FD-BCE9-323856D5AD18}.RelWithDebInfo|x86.Deploy.0 = Release|Win32
	EndGlobalSection
	GlobalSection(SolutionProperties) = preSolution
		HideSolutionNode = FALSE
	EndGlobalSection
	GlobalSection(ExtensibilityGlobals) = postSolution
		SolutionGuid = {314E41F0-28B9-4529-8BF4-94451BC16E17}
	EndGlobalSection
EndGlobal
